PODS:
  - BuildaUtils (0.4.0):
    - SwiftSafe (~> 2.0)
  - DVR (0.3.0)
  - Nimble (7.0.0)
  - SwiftSafe (2.0.0)

DEPENDENCIES:
  - BuildaUtils (~> 0.4.0)
  - DVR (from `https://github.com/venmo/DVR.git`, commit `c0ee9cc3d08053fa9993c41af14cedc046cfed21`)
  - Nimble

EXTERNAL SOURCES:
  DVR:
    :commit: c0ee9cc3d08053fa9993c41af14cedc046cfed21
    :git: https://github.com/venmo/DVR.git

CHECKOUT OPTIONS:
  DVR:
    :commit: c0ee9cc3d08053fa9993c41af14cedc046cfed21
    :git: https://github.com/venmo/DVR.git

SPEC CHECKSUMS:
  BuildaUtils: 2cb74617050be76e2c29560ec40ca9bd88f2f8ec
  DVR: 43c0f50bea8ad85c9bfeb40fd05d963e414c9970
  Nimble: 874982b605d4d752fcac6be695d13c502de84b1b
  SwiftSafe: b64ef3119a0b906e9ca6f67cd1705f351c9a8f9c

PODFILE CHECKSUM: 1f5148f71dc41608aa6d8fb71d92c47bdff2f539

COCOAPODS: 1.2.1
